// !$*UTF8*$!
{
	archiveVersion = 1;
	classes = {
	};
	objectVersion = 77;
	objects = {

/* Begin PBXBuildFile section */
		225CC88F2F5BA6FD00CC5B31 /* ComposableArchitecture in Frameworks */ = {isa = PBXBuildFile; productRef = 225CC88E2F5BA6FD00CC5B31 /* ComposableArchitecture */; };
/* End PBXBuildFile section */

/* Begin PBXContainerItemProxy section */
		22CFCCB02F4C7F6500F9BD23 /* PBXContainerItemProxy */ = {
			isa = PBXContainerItemProxy;
			containerPortal = 22CFCC982F4C7F6400F9BD23 /* Project object */;
			proxyType = 1;
			remoteGlobalIDString = 22CFCC9F2F4C7F6400F9BD23;
			remoteInfo = Tekuteku;
		};
		22CFCCBA2F4C7F6500F9BD23 /* PBXContainerItemProxy */ = {
			isa = PBXContainerItemProxy;
			containerPortal = 22CFCC982F4C7F6400F9BD23 /* Project object */;
			proxyType = 1;
			remoteGlobalIDString = 22CFCC9F2F4C7F6400F9BD23;
			remoteInfo = Tekuteku;
		};
/* End PBXContainerItemProxy section */

/* Begin PBXFileReference section */
		22CFCCA02F4C7F6400F9BD23 /* Tekuteku.app */ = {isa = PBXFileReference; explicitFileType = wrapper.application; includeInIndex = 0; path = Tekuteku.app; sourceTree = BUILT_PRODUCTS_DIR; };
		22CFCCAF2F4C7F6500F9BD23 /* TekutekuTests.xctest */ = {isa = PBXFileReference; explicitFileType = wrapper.cfbundle; includeInIndex = 0; path = TekutekuTests.xctest; sourceTree = BUILT_PRODUCTS_DIR; };
		22CFCCB92F4C7F6500F9BD23 /* TekutekuUITests.xctest */ = {isa = PBXFileReference; explicitFileType = wrapper.cfbundle; includeInIndex = 0; path = TekutekuUITests.xctest; sourceTree = BUILT_PRODUCTS_DIR; };
/* End PBXFileReference section */

/* Begin PBXFileSystemSynchronizedRootGroup section */
		22CFCCA22F4C7F6400F9BD23 /* Tekuteku */ = {
			isa = PBXFileSystemSynchronizedRootGroup;
			path = Tekuteku;
			sourceTree = "<group>";
		};
		22CFCCB22F4C7F6500F9BD23 /* TekutekuTests */ = {
			isa = PBXFileSystemSynchronizedRootGroup;
			path = TekutekuTests;
			sourceTree = "<group>";
		};
		22CFCCBC2F4C7F6500F9BD23 /* TekutekuUITests */ = {
			isa = PBXFileSystemSynchronizedRootGroup;
			path = TekutekuUITests;
			sourceTree = "<group>";
		};
/* End PBXFileSystemSynchronizedRootGroup section */

/* Begin PBXFrameworksBuildPhase section */
		22CFCC9D2F4C7F6400F9BD23 /* Frameworks */ = {
			isa = PBXFrameworksBuildPhase;
			buildActionMask = 2147483647;
			files = (
				225CC88F2F5BA6FD00CC5B31 /* ComposableArchitecture in Frameworks */,
			);
			runOnlyForDeploymentPostprocessing = 0;
		};
		22CFCCAC2F4C7F6500F9BD23 /* Frameworks */ = {
			isa = PBXFrameworksBuildPhase;
			buildActionMask = 2147483647;
			files = (
			);
			runOnlyForDeploymentPostprocessing = 0;
		};
		22CFCCB62F4C7F6500F9BD23 /* Frameworks */ = {
			isa = PBXFrameworksBuildPhase;
			buildActionMask = 2147483647;
			files = (
			);
			runOnlyForDeploymentPostprocessing = 0;
		};
/* End PBXFrameworksBuildPhase section */

/* Begin PBXGroup section */
		22CFCC972F4C7F6400F9BD23 = {
			isa = PBXGroup;
			children = (
				22CFCCA22F4C7F6400F9BD23 /* Tekuteku */,
				22CFCCB22F4C7F6500F9BD23 /* TekutekuTests */,
				22CFCCBC2F4C7F6500F9BD23 /* TekutekuUITests */,
				22CFCCA12F4C7F6400F9BD23 /* Products */,
			);
			sourceTree = "<group>";
		};
		22CFCCA12F4C7F6400F9BD23 /* Products */ = {
			isa = PBXGroup;
			children = (
				22CFCCA02F4C7F6400F9BD23 /* Tekuteku.app */,
				22CFCCAF2F4C7F6500F9BD23 /* TekutekuTests.xctest */,
				22CFCCB92F4C7F6500F9BD23 /* TekutekuUITests.xctest */,
			);
			name = Products;
			sourceTree = "<group>";
		};
/* End PBXGroup section */

/* Begin PBXNativeTarget section */
		22CFCC9F2F4C7F6400F9BD23 /* Tekuteku */ = {
			isa = PBXNativeTarget;
			buildConfigurationList = 22CFCCC32F4C7F6500F9BD23 /* Build configuration list for PBXNativeTarget "Tekuteku" */;
			buildPhases = (
				22CFCC9C2F4C7F6400F9BD23 /* Sources */,
				22CFCC9D2F4C7F6400F9BD23 /* Frameworks */,
				22CFCC9E2F4C7F6400F9BD23 /* Resources */,
			);
			buildRules = (
			);
			dependencies = (
			);
			fileSystemSynchronizedGroups = (
				22CFCCA22F4C7F6400F9BD23 /* Tekuteku */,
			);
			name = Tekuteku;
			packageProductDependencies = (
				225CC88E2F5BA6FD00CC5B31 /* ComposableArchitecture */,
			);
			productName = Tekuteku;
			productReference = 22CFCCA02F4C7F6400F9BD23 /* Tekuteku.app */;
			productType = "com.apple.product-type.application";
		};
		22CFCCAE2F4C7F6500F9BD23 /* TekutekuTests */ = {
			isa = PBXNativeTarget;
			buildConfigurationList = 22CFCCC62F4C7F6500F9BD23 /* Build configuration list for PBXNativeTarget "TekutekuTests" */;
			buildPhases = (
				22CFCCAB2F4C7F6500F9BD23 /* Sources */,
				22CFCCAC2F4C7F6500F9BD23 /* Frameworks */,
				22CFCCAD2F4C7F6500F9BD23 /* Resources */,
			);
			buildRules = (
			);
			dependencies = (
				22CFCCB12F4C7F6500F9BD23 /* PBXTargetDependency */,
			);
			fileSystemSynchronizedGroups = (
				22CFCCB22F4C7F6500F9BD23 /* TekutekuTests */,
			);
			name = TekutekuTests;
			packageProductDependencies = (
			);
			productName = TekutekuTests;
			productReference = 22CFCCAF2F4C7F6500F9BD23 /* TekutekuTests.xctest */;
			productType = "com.apple.product-type.bundle.unit-test";
		};
		22CFCCB82F4C7F6500F9BD23 /* TekutekuUITests */ = {
			isa = PBXNativeTarget;
			buildConfigurationList = 22CFCCC92F4C7F6500F9BD23 /* Build configuration list for PBXNativeTarget "TekutekuUITests" */;
			buildPhases = (
				22CFCCB52F4C7F6500F9BD23 /* Sources */,
				22CFCCB62F4C7F6500F9BD23 /* Frameworks */,
				22CFCCB72F4C7F6500F9BD23 /* Resources */,
			);
			buildRules = (
			);
			dependencies = (
				22CFCCBB2F4C7F6500F9BD23 /* PBXTargetDependency */,
			);
			fileSystemSynchronizedGroups = (
				22CFCCBC2F4C7F6500F9BD23 /* TekutekuUITests */,
			);
			name = TekutekuUITests;
			packageProductDependencies = (
			);
			productName = TekutekuUITests;
			productReference = 22CFCCB92F4C7F6500F9BD23 /* TekutekuUITests.xctest */;
			productType = "com.apple.product-type.bundle.ui-testing";
		};
/* End PBXNativeTarget section */

/* Begin PBXProject section */
		22CFCC982F4C7F6400F9BD23 /* Project object */ = {
			isa = PBXProject;
			attributes = {
				BuildIndependentTargetsInParallel = 1;
				LastSwiftUpdateCheck = 2620;
				LastUpgradeCheck = 2620;
				TargetAttributes = {
					22CFCC9F2F4C7F6400F9BD23 = {
						CreatedOnToolsVersion = 26.2;
					};
					22CFCCAE2F4C7F6500F9BD23 = {
						CreatedOnToolsVersion = 26.2;
						TestTargetID = 22CFCC9F2F4C7F6400F9BD23;
					};
					22CFCCB82F4C7F6500F9BD23 = {
						CreatedOnToolsVersion = 26.2;
						TestTargetID = 22CFCC9F2F4C7F6400F9BD23;
					};
				};
			};
			buildConfigurationList = 22CFCC9B2F4C7F6400F9BD23 /* Build configuration list for PBXProject "Tekuteku" */;
			developmentRegion = en;
			hasScannedForEncodings = 0;
			knownRegions = (
				en,
				Base,
			);
			mainGroup = 22CFCC972F4C7F6400F9BD23;
			minimizedProjectReferenceProxies = 1;
			packageReferences = (
				225CC88D2F5BA6FD00CC5B31 /* XCRemoteSwiftPackageReference "swift-composable-architecture" */,
			);
			preferredProjectObjectVersion = 77;
			productRefGroup = 22CFCCA12F4C7F6400F9BD23 /* Products */;
			projectDirPath = "";
			projectRoot = "";
			targets = (
				22CFCC9F2F4C7F6400F9BD23 /* Tekuteku */,
				22CFCCAE2F4C7F6500F9BD23 /* TekutekuTests */,
				22CFCCB82F4C7F6500F9BD23 /* TekutekuUITests */,
			);
		};
/* End PBXProject section */

/* Begin PBXResourcesBuildPhase section */
		22CFCC9E2F4C7F6400F9BD23 /* Resources */ = {
			isa = PBXResourcesBuildPhase;
			buildActionMask = 2147483647;
			files = (
			);
			runOnlyForDeploymentPostprocessing = 0;
		};
		22CFCCAD2F4C7F6500F9BD23 /* Resources */ = {
			isa = PBXResourcesBuildPhase;
			buildActionMask = 2147483647;
			files = (
			);
			runOnlyForDeploymentPostprocessing = 0;
		};
		22CFCCB72F4C7F6500F9BD23 /* Resources */ = {
			isa = PBXResourcesBuildPhase;
			buildActionMask = 2147483647;
			files = (
			);
			runOnlyForDeploymentPostprocessing = 0;
		};
/* End PBXResourcesBuildPhase section */

/* Begin PBXSourcesBuildPhase section */
		22CFCC9C2F4C7F6400F9BD23 /* Sources */ = {
			isa = PBXSourcesBuildPhase;
			buildActionMask = 2147483647;
			files = (
			);
			runOnlyForDeploymentPostprocessing = 0;
		};
		22CFCCAB2F4C7F6500F9BD23 /* Sources */ = {
			isa = PBXSourcesBuildPhase;
			buildActionMask = 2147483647;
			files = (
			);
			runOnlyForDeploymentPostprocessing = 0;
		};
		22CFCCB52F4C7F6500F9BD23 /* Sources */ = {
			isa = PBXSourcesBuildPhase;
			buildActionMask = 2147483647;
			files = (
			);
			runOnlyForDeploymentPostprocessing = 0;
		};
/* End PBXSourcesBuildPhase section */

/* Begin PBXTargetDependency section */
		22CFCCB12F4C7F6500F9BD23 /* PBXTargetDependency */ = {
			isa = PBXTargetDependency;
			target = 22CFCC9F2F4C7F6400F9BD23 /* Tekuteku */;
			targetProxy = 22CFCCB02F4C7F6500F9BD23 /* PBXContainerItemProxy */;
		};
		22CFCCBB2F4C7F6500F9BD23 /* PBXTargetDependency */ = {
			isa = PBXTargetDependency;
			target = 22CFCC9F2F4C7F6400F9BD23 /* Tekuteku */;
			targetProxy = 22CFCCBA2F4C7F6500F9BD23 /* PBXContainerItemProxy */;
		};
/* End PBXTargetDependency section */

/* Begin XCBuildConfiguration section */
		22CFCCC12F4C7F6500F9BD23 /* Debug */ = {
			isa = XCBuildConfiguration;
			buildSettings = {
				ALWAYS_SEARCH_USER_PATHS = NO;
				ASSETCATALOG_COMPILER_GENERATE_SWIFT_ASSET_SYMBOL_EXTENSIONS = YES;
				CLANG_ANALYZER_NONNULL = YES;
				CLANG_ANALYZER_NUMBER_OBJECT_CONVERSION = YES_AGGRESSIVE;
				CLANG_CXX_LANGUAGE_STANDARD = "gnu++20";
				CLANG_ENABLE_MODULES = YES;
				CLANG_ENABLE_OBJC_ARC = YES;
				CLANG_ENABLE_OBJC_WEAK = YES;
				CLANG_WARN_BLOCK_CAPTURE_AUTORELEASING = YES;
				CLANG_WARN_BOOL_CONVERSION = YES;
				CLANG_WARN_COMMA = YES;
				CLANG_WARN_CONSTANT_CONVERSION = YES;
				CLANG_WARN_DEPRECATED_OBJC_IMPLEMENTATIONS = YES;
				CLANG_WARN_DIRECT_OBJC_ISA_USAGE = YES_ERROR;
				CLANG_WARN_DOCUMENTATION_COMMENTS = YES;
				CLANG_WARN_EMPTY_BODY = YES;
				CLANG_WARN_ENUM_CONVERSION = YES;
				CLANG_WARN_INFINITE_RECURSION = YES;
				CLANG_WARN_INT_CONVERSION = YES;
				CLANG_WARN_NON_LITERAL_NULL_CONVERSION = YES;
				CLANG_WARN_OBJC_IMPLICIT_RETAIN_SELF = YES;
				CLANG_WARN_OBJC_LITERAL_CONVERSION = YES;
				CLANG_WARN_OBJC_ROOT_CLASS = YES_ERROR;
				CLANG_WARN_QUOTED_INCLUDE_IN_FRAMEWORK_HEADER = YES;
				CLANG_WARN_RANGE_LOOP_ANALYSIS = YES;
				CLANG_WARN_STRICT_PROTOTYPES = YES;
				CLANG_WARN_SUSPICIOUS_MOVE = YES;
				CLANG_WARN_UNGUARDED_AVAILABILITY = YES_AGGRESSIVE;
				CLANG_WARN_UNREACHABLE_CODE = YES;
				CLANG_WARN__DUPLICATE_METHOD_MATCH = YES;
				COPY_PHASE_STRIP = NO;
				DEBUG_INFORMATION_FORMAT = dwarf;
				DEVELOPMENT_TEAM = 84G259NVKY;
				ENABLE_STRICT_OBJC_MSGSEND = YES;
				ENABLE_TESTABILITY = YES;
				ENABLE_USER_SCRIPT_SANDBOXING = YES;
				GCC_C_LANGUAGE_STANDARD = gnu17;
				GCC_DYNAMIC_NO_PIC = NO;
				GCC_NO_COMMON_BLOCKS = YES;
				GCC_OPTIMIZATION_LEVEL = 0;
				GCC_PREPROCESSOR_DEFINITIONS = (
					"DEBUG=1",
					"$(inherited)",
				);
				GCC_WARN_64_TO_32_BIT_CONVERSION = YES;
				GCC_WARN_ABOUT_RETURN_TYPE = YES_ERROR;
				GCC_WARN_UNDECLARED_SELECTOR = YES;
				GCC_WARN_UNINITIALIZED_AUTOS = YES_AGGRESSIVE;
				GCC_WARN_UNUSED_FUNCTION = YES;
				GCC_WARN_UNUSED_VARIABLE = YES;
				IPHONEOS_DEPLOYMENT_TARGET = 26.2;
				LOCALIZATION_PREFERS_STRING_CATALOGS = YES;
				MTL_ENABLE_DEBUG_INFO = INCLUDE_SOURCE;
				MTL_FAST_MATH = YES;
				ONLY_ACTIVE_ARCH = YES;
				SDKROOT = iphoneos;
				SWIFT_ACTIVE_COMPILATION_CONDITIONS = "DEBUG $(inherited)";
				SWIFT_OPTIMIZATION_LEVEL = "-Onone";
			};
			name = Debug;
		};
		22CFCCC22F4C7F6500F9BD23 /* Release */ = {
			isa = XCBuildConfiguration;
			buildSettings = {
				ALWAYS_SEARCH_USER_PATHS = NO;
				ASSETCATALOG_COMPILER_GENERATE_SWIFT_ASSET_SYMBOL_EXTENSIONS = YES;
				CLANG_ANALYZER_NONNULL = YES;
				CLANG_ANALYZER_NUMBER_OBJECT_CONVERSION = YES_AGGRESSIVE;
				CLANG_CXX_LANGUAGE_STANDARD = "gnu++20";
				CLANG_ENABLE_MODULES = YES;
				CLANG_ENABLE_OBJC_ARC = YES;
				CLANG_ENABLE_OBJC_WEAK = YES;
				CLANG_WARN_BLOCK_CAPTURE_AUTORELEASING = YES;
				CLANG_WARN_BOOL_CONVERSION = YES;
				CLANG_WARN_COMMA = YES;
				CLANG_WARN_CONSTANT_CONVERSION = YES;
				CLANG_WARN_DEPRECATED_OBJC_IMPLEMENTATIONS = YES;
				CLANG_WARN_DIRECT_OBJC_ISA_USAGE = YES_ERROR;
				CLANG_WARN_DOCUMENTATION_COMMENTS = YES;
				CLANG_WARN_EMPTY_BODY = YES;
				CLANG_WARN_ENUM_CONVERSION = YES;
				CLANG_WARN_INFINITE_RECURSION = YES;
				CLANG_WARN_INT_CONVERSION = YES;
				CLANG_WARN_NON_LITERAL_NULL_CONVERSION = YES;
				CLANG_WARN_OBJC_IMPLICIT_RETAIN_SELF = YES;
				CLANG_WARN_OBJC_LITERAL_CONVERSION = YES;
				CLANG_WARN_OBJC_ROOT_CLASS = YES_ERROR;
				CLANG_WARN_QUOTED_INCLUDE_IN_FRAMEWORK_HEADER = YES;
				CLANG_WARN_RANGE_LOOP_ANALYSIS = YES;
				CLANG_WARN_STRICT_PROTOTYPES = YES;
				CLANG_WARN_SUSPICIOUS_MOVE = YES;
				CLANG_WARN_UNGUARDED_AVAILABILITY = YES_AGGRESSIVE;
				CLANG_WARN_UNREACHABLE_CODE = YES;
				CLANG_WARN__DUPLICATE_METHOD_MATCH = YES;
				COPY_PHASE_STRIP = NO;
				DEBUG_INFORMATION_FORMAT = "dwarf-with-dsym";
				DEVELOPMENT_TEAM = 84G259NVKY;
				ENABLE_NS_ASSERTIONS = NO;
				ENABLE_STRICT_OBJC_MSGSEND = YES;
				ENABLE_USER_SCRIPT_SANDBOXING = YES;
				GCC_C_LANGUAGE_STANDARD = gnu17;
				GCC_NO_COMMON_BLOCKS = YES;
				GCC_WARN_64_TO_32_BIT_CONVERSION = YES;
				GCC_WARN_ABOUT_RETURN_TYPE = YES_ERROR;
				GCC_WARN_UNDECLARED_SELECTOR = YES;
				GCC_WARN_UNINITIALIZED_AUTOS = YES_AGGRESSIVE;
				GCC_WARN_UNUSED_FUNCTION = YES;
				GCC_WARN_UNUSED_VARIABLE = YES;
				IPHONEOS_DEPLOYMENT_TARGET = 26.2;
				LOCALIZATION_PREFERS_STRING_CATALOGS = YES;
				MTL_ENABLE_DEBUG_INFO = NO;
				MTL_FAST_MATH = YES;
				SDKROOT = iphoneos;
				SWIFT_COMPILATION_MODE = wholemodule;
				VALIDATE_PRODUCT = YES;
			};
			name = Release;
		};
		22CFCCC42F4C7F6500F9BD23 /* Debug */ = {
			isa = XCBuildConfiguration;
			buildSettings = {
				ASSETCATALOG_COMPILER_APPICON_NAME = AppIcon;
				ASSETCATALOG_COMPILER_GLOBAL_ACCENT_COLOR_NAME = AccentColor;
				CODE_SIGN_STYLE = Automatic;
				CURRENT_PROJECT_VERSION = 1;
				DEVELOPMENT_TEAM = 84G259NVKY;
				ENABLE_PREVIEWS = YES;
				GENERATE_INFOPLIST_FILE = YES;
				INFOPLIST_KEY_NSLocationWhenInUseUsageDescription = "散歩コースを表示するため現在地を利用します";
				INFOPLIST_KEY_UIApplicationSceneManifest_Generation = YES;
				INFOPLIST_KEY_UIApplicationSupportsIndirectInputEvents = YES;
				INFOPLIST_KEY_UILaunchScreen_Generation = YES;
				INFOPLIST_KEY_UISupportedInterfaceOrientations_iPad = "UIInterfaceOrientationPortrait UIInterfaceOrientationPortraitUpsideDown UIInterfaceOrientationLandscapeLeft UIInterfaceOrientationLandscapeRight";
				INFOPLIST_KEY_UISupportedInterfaceOrientations_iPhone = "UIInterfaceOrientationPortrait UIInterfaceOrientationLandscapeLeft UIInterfaceOrientationLandscapeRight";
				LD_RUNPATH_SEARCH_PATHS = (
					"$(inherited)",
					"@executable_path/Frameworks",
				);
				MARKETING_VERSION = 1.0;
				PRODUCT_BUNDLE_IDENTIFIER = shun.Tekuteku;
				PRODUCT_NAME = "$(TARGET_NAME)";
				STRING_CATALOG_GENERATE_SYMBOLS = YES;
				SWIFT_APPROACHABLE_CONCURRENCY = YES;
				SWIFT_DEFAULT_ACTOR_ISOLATION = MainActor;
				SWIFT_EMIT_LOC_STRINGS = YES;
				SWIFT_UPCOMING_FEATURE_MEMBER_IMPORT_VISIBILITY = YES;
				SWIFT_VERSION = 5.0;
				TARGETED_DEVICE_FAMILY = "1,2";
			};
			name = Debug;
		};
		22CFCCC52F4C7F6500F9BD23 /* Release */ = {
			isa = XCBuildConfiguration;
			buildSettings = {
				ASSETCATALOG_COMPILER_APPICON_NAME = AppIcon;
				ASSETCATALOG_COMPILER_GLOBAL_ACCENT_COLOR_NAME = AccentColor;
				CODE_SIGN_STYLE = Automatic;
				CURRENT_PROJECT_VERSION = 1;
				DEVELOPMENT_TEAM = 84G259NVKY;
				ENABLE_PREVIEWS = YES;
				GENERATE_INFOPLIST_FILE = YES;
				INFOPLIST_KEY_NSLocationWhenInUseUsageDescription = "散歩コースを表示するため現在地を利用します";
				INFOPLIST_KEY_UIApplicationSceneManifest_Generation = YES;
				INFOPLIST_KEY_UIApplicationSupportsIndirectInputEvents = YES;
				INFOPLIST_KEY_UILaunchScreen_Generation = YES;
				INFOPLIST_KEY_UISupportedInterfaceOrientations_iPad = "UIInterfaceOrientationPortrait UIInterfaceOrientationPortraitUpsideDown UIInterfaceOrientationLandscapeLeft UIInterfaceOrientationLandscapeRight";
				INFOPLIST_KEY_UISupportedInterfaceOrientations_iPhone = "UIInterfaceOrientationPortrait UIInterfaceOrientationLandscapeLeft UIInterfaceOrientationLandscapeRight";
				LD_RUNPATH_SEARCH_PATHS = (
					"$(inherited)",
					"@executable_path/Frameworks",
				);
				MARKETING_VERSION = 1.0;
				PRODUCT_BUNDLE_IDENTIFIER = shun.Tekuteku;
				PRODUCT_NAME = "$(TARGET_NAME)";
				STRING_CATALOG_GENERATE_SYMBOLS = YES;
				SWIFT_APPROACHABLE_CONCURRENCY = YES;
				SWIFT_DEFAULT_ACTOR_ISOLATION = MainActor;
				SWIFT_EMIT_LOC_STRINGS = YES;
				SWIFT_UPCOMING_FEATURE_MEMBER_IMPORT_VISIBILITY = YES;
				SWIFT_VERSION = 5.0;
				TARGETED_DEVICE_FAMILY = "1,2";
			};
			name = Release;
		};
		22CFCCC72F4C7F6500F9BD23 /* Debug */ = {
			isa = XCBuildConfiguration;
			buildSettings = {
				BUNDLE_LOADER = "$(TEST_HOST)";
				CODE_SIGN_STYLE = Automatic;
				CURRENT_PROJECT_VERSION = 1;
				DEVELOPMENT_TEAM = 84G259NVKY;
				GENERATE_INFOPLIST_FILE = YES;
				IPHONEOS_DEPLOYMENT_TARGET = 26.2;
				MARKETING_VERSION = 1.0;
				PRODUCT_BUNDLE_IDENTIFIER = shun.TekutekuTests;
				PRODUCT_NAME = "$(TARGET_NAME)";
				STRING_CATALOG_GENERATE_SYMBOLS = NO;
				SWIFT_APPROACHABLE_CONCURRENCY = YES;
				SWIFT_EMIT_LOC_STRINGS = NO;
				SWIFT_UPCOMING_FEATURE_MEMBER_IMPORT_VISIBILITY = YES;
				SWIFT_VERSION = 5.0;
				TARGETED_DEVICE_FAMILY = "1,2";
				TEST_HOST = "$(BUILT_PRODUCTS_DIR)/Tekuteku.app/$(BUNDLE_EXECUTABLE_FOLDER_PATH)/Tekuteku";
			};
			name = Debug;
		};
		22CFCCC82F4C7F6500F9BD23 /* Release */ = {
			isa = XCBuildConfiguration;
			buildSettings = {
				BUNDLE_LOADER = "$(TEST_HOST)";
				CODE_SIGN_STYLE = Automatic;
				CURRENT_PROJECT_VERSION = 1;
				DEVELOPMENT_TEAM = 84G259NVKY;
				GENERATE_INFOPLIST_FILE = YES;
				IPHONEOS_DEPLOYMENT_TARGET = 26.2;
				MARKETING_VERSION = 1.0;
				PRODUCT_BUNDLE_IDENTIFIER = shun.TekutekuTests;
				PRODUCT_NAME = "$(TARGET_NAME)";
				STRING_CATALOG_GENERATE_SYMBOLS = NO;
				SWIFT_APPROACHABLE_CONCURRENCY = YES;
				SWIFT_EMIT_LOC_STRINGS = NO;
				SWIFT_UPCOMING_FEATURE_MEMBER_IMPORT_VISIBILITY = YES;
				SWIFT_VERSION = 5.0;
				TARGETED_DEVICE_FAMILY = "1,2";
				TEST_HOST = "$(BUILT_PRODUCTS_DIR)/Tekuteku.app/$(BUNDLE_EXECUTABLE_FOLDER_PATH)/Tekuteku";
			};
			name = Release;
		};
		22CFCCCA2F4C7F6500F9BD23 /* Debug */ = {
			isa = XCBuildConfiguration;
			buildSettings = {
				CODE_SIGN_STYLE = Automatic;
				CURRENT_PROJECT_VERSION = 1;
				DEVELOPMENT_TEAM = 84G259NVKY;
				GENERATE_INFOPLIST_FILE = YES;
				MARKETING_VERSION = 1.0;
				PRODUCT_BUNDLE_IDENTIFIER = shun.TekutekuUITests;
				PRODUCT_NAME = "$(TARGET_NAME)";
				STRING_CATALOG_GENERATE_SYMBOLS = NO;
				SWIFT_APPROACHABLE_CONCURRENCY = YES;
				SWIFT_EMIT_LOC_STRINGS = NO;
				SWIFT_UPCOMING_FEATURE_MEMBER_IMPORT_VISIBILITY = YES;
				SWIFT_VERSION = 5.0;
				TARGETED_DEVICE_FAMILY = "1,2";
				TEST_TARGET_NAME = Tekuteku;
			};
			name = Debug;
		};
		22CFCCCB2F4C7F6500F9BD23 /* Release */ = {
			isa = XCBuildConfiguration;
			buildSettings = {
				CODE_SIGN_STYLE = Automatic;
				CURRENT_PROJECT_VERSION = 1;
				DEVELOPMENT_TEAM = 84G259NVKY;
				GENERATE_INFOPLIST_FILE = YES;
				MARKETING_VERSION = 1.0;
				PRODUCT_BUNDLE_IDENTIFIER = shun.TekutekuUITests;
				PRODUCT_NAME = "$(TARGET_NAME)";
				STRING_CATALOG_GENERATE_SYMBOLS = NO;
				SWIFT_APPROACHABLE_CONCURRENCY = YES;
				SWIFT_EMIT_LOC_STRINGS = NO;
				SWIFT_UPCOMING_FEATURE_MEMBER_IMPORT_VISIBILITY = YES;
				SWIFT_VERSION = 5.0;
				TARGETED_DEVICE_FAMILY = "1,2";
				TEST_TARGET_NAME = Tekuteku;
			};
			name = Release;
		};
/* End XCBuildConfiguration section */

/* Begin XCConfigurationList section */
		22CFCC9B2F4C7F6400F9BD23 /* Build configuration list for PBXProject "Tekuteku" */ = {
			isa = XCConfigurationList;
			buildConfigurations = (
				22CFCCC12F4C7F6500F9BD23 /* Debug */,
				22CFCCC22F4C7F6500F9BD23 /* Release */,
			);
			defaultConfigurationIsVisible = 0;
			defaultConfigurationName = Release;
		};
		22CFCCC32F4C7F6500F9BD23 /* Build configuration list for PBXNativeTarget "Tekuteku" */ = {
			isa = XCConfigurationList;
			buildConfigurations = (
				22CFCCC42F4C7F6500F9BD23 /* Debug */,
				22CFCCC52F4C7F6500F9BD23 /* Release */,
			);
			defaultConfigurationIsVisible = 0;
			defaultConfigurationName = Release;
		};
		22CFCCC62F4C7F6500F9BD23 /* Build configuration list for PBXNativeTarget "TekutekuTests" */ = {
			isa = XCConfigurationList;
			buildConfigurations = (
				22CFCCC72F4C7F6500F9BD23 /* Debug */,
				22CFCCC82F4C7F6500F9BD23 /* Release */,
			);
			defaultConfigurationIsVisible = 0;
			defaultConfigurationName = Release;
		};
		22CFCCC92F4C7F6500F9BD23 /* Build configuration list for PBXNativeTarget "TekutekuUITests" */ = {
			isa = XCConfigurationList;
			buildConfigurations = (
				22CFCCCA2F4C7F6500F9BD23 /* Debug */,
				22CFCCCB2F4C7F6500F9BD23 /* Release */,
			);
			defaultConfigurationIsVisible = 0;
			defaultConfigurationName = Release;
		};
/* End XCConfigurationList section */

/* Begin XCRemoteSwiftPackageReference section */
		225CC88D2F5BA6FD00CC5B31 /* XCRemoteSwiftPackageReference "swift-composable-architecture" */ = {
			isa = XCRemoteSwiftPackageReference;
			repositoryURL = "https://github.com/pointfreeco/swift-composable-architecture";
			requirement = {
				kind = upToNextMajorVersion;
				minimumVersion = 1.24.1;
			};
		};
/* End XCRemoteSwiftPackageReference section */

/* Begin XCSwiftPackageProductDependency section */
		225CC88E2F5BA6FD00CC5B31 /* ComposableArchitecture */ = {
			isa = XCSwiftPackageProductDependency;
			package = 225CC88D2F5BA6FD00CC5B31 /* XCRemoteSwiftPackageReference "swift-composable-architecture" */;
			productName = ComposableArchitecture;
		};
/* End XCSwiftPackageProductDependency section */
	};
	rootObject = 22CFCC982F4C7F6400F9BD23 /* Project object */;
}
